
Microsoft Visual Studio Solution File, Format Version 12.00
Project("{FAE04EC0-301F-11D3-BF4B-00C04F79EFBC}") = "Ex1", "Ex1\Ex1.csproj", "{02771E85-7E6B-4AFE-8ED1-07C2C5310418}"
EndProject
Global
	GlobalSection(SolutionConfigurationPlatforms) = preSolution
		Debug|Any CPU = Debug|Any CPU
		Release|Any CPU = Release|Any CPU
	EndGlobalSection
	GlobalSection(ProjectConfigurationPlatforms) = postSolution
		{02771E85-7E6B-4AFE-8ED1-07C2C5310418}.Debug|Any CPU.ActiveCfg = Debug|Any CPU
		{02771E85-7E6B-4AFE-8ED1-07C2C5310418}.Debug|Any CPU.Build.0 = Debug|Any CPU
		{02771E85-7E6B-4AFE-8ED1-07C2C5310418}.Release|Any CPU.ActiveCfg = Release|Any CPU
		{02771E85-7E6B-4AFE-8ED1-07C2C5310418}.Release|Any CPU.Build.0 = Release|Any CPU
	EndGlobalSection
EndGlobal
