
Microsoft Visual Studio Solution File, Format Version 12.00
Project("{FAE04EC0-301F-11D3-BF4B-00C04F79EFBC}") = "Ex1", "Ex1\Ex1.csproj", "{549234D8-C5E9-428D-A1E4-90EB8C55F45B}"
EndProject
Global
	GlobalSection(SolutionConfigurationPlatforms) = preSolution
		Debug|Any CPU = Debug|Any CPU
		Release|Any CPU = Release|Any CPU
	EndGlobalSection
	GlobalSection(ProjectConfigurationPlatforms) = postSolution
		{549234D8-C5E9-428D-A1E4-90EB8C55F45B}.Debug|Any CPU.ActiveCfg = Debug|Any CPU
		{549234D8-C5E9-428D-A1E4-90EB8C55F45B}.Debug|Any CPU.Build.0 = Debug|Any CPU
		{549234D8-C5E9-428D-A1E4-90EB8C55F45B}.Release|Any CPU.ActiveCfg = Release|Any CPU
		{549234D8-C5E9-428D-A1E4-90EB8C55F45B}.Release|Any CPU.Build.0 = Release|Any CPU
	EndGlobalSection
EndGlobal
