
Microsoft Visual Studio Solution File, Format Version 12.00
Project("{FAE04EC0-301F-11D3-BF4B-00C04F79EFBC}") = "Ex1", "Ex1\Ex1.csproj", "{B64A20B9-572F-40AC-ABB4-81313BBF459D}"
EndProject
Global
	GlobalSection(SolutionConfigurationPlatforms) = preSolution
		Debug|Any CPU = Debug|Any CPU
		Release|Any CPU = Release|Any CPU
	EndGlobalSection
	GlobalSection(ProjectConfigurationPlatforms) = postSolution
		{B64A20B9-572F-40AC-ABB4-81313BBF459D}.Debug|Any CPU.ActiveCfg = Debug|Any CPU
		{B64A20B9-572F-40AC-ABB4-81313BBF459D}.Debug|Any CPU.Build.0 = Debug|Any CPU
		{B64A20B9-572F-40AC-ABB4-81313BBF459D}.Release|Any CPU.ActiveCfg = Release|Any CPU
		{B64A20B9-572F-40AC-ABB4-81313BBF459D}.Release|Any CPU.Build.0 = Release|Any CPU
	EndGlobalSection
EndGlobal
