
Microsoft Visual Studio Solution File, Format Version 12.00
# Visual Studio Version 17
VisualStudioVersion = 17.9.34701.34
MinimumVisualStudioVersion = 10.0.40219.1
Project("{FAE04EC0-301F-11D3-BF4B-00C04F79EFBC}") = "Ex1", "Ex1\Ex1.csproj", "{D25D9E23-197C-4931-8518-22602AB8CE07}"
EndProject
Global
	GlobalSection(SolutionConfigurationPlatforms) = preSolution
		Debug|Any CPU = Debug|Any CPU
		Release|Any CPU = Release|Any CPU
	EndGlobalSection
	GlobalSection(ProjectConfigurationPlatforms) = postSolution
		{D25D9E23-197C-4931-8518-22602AB8CE07}.Debug|Any CPU.ActiveCfg = Debug|Any CPU
		{D25D9E23-197C-4931-8518-22602AB8CE07}.Debug|Any CPU.Build.0 = Debug|Any CPU
		{D25D9E23-197C-4931-8518-22602AB8CE07}.Release|Any CPU.ActiveCfg = Release|Any CPU
		{D25D9E23-197C-4931-8518-22602AB8CE07}.Release|Any CPU.Build.0 = Release|Any CPU
	EndGlobalSection
	GlobalSection(SolutionProperties) = preSolution
		HideSolutionNode = FALSE
	EndGlobalSection
	GlobalSection(ExtensibilityGlobals) = postSolution
		SolutionGuid = {DBE767B0-851B-4D41-8B1E-EB9033158839}
	EndGlobalSection
EndGlobal
