
Microsoft Visual Studio Solution File, Format Version 12.00
Project("{FAE04EC0-301F-11D3-BF4B-00C04F79EFBC}") = "Ex1", "Ex1\Ex1.csproj", "{5F68946F-0E3A-43AE-A15D-E3560961DD25}"
EndProject
Global
	GlobalSection(SolutionConfigurationPlatforms) = preSolution
		Debug|Any CPU = Debug|Any CPU
		Release|Any CPU = Release|Any CPU
	EndGlobalSection
	GlobalSection(ProjectConfigurationPlatforms) = postSolution
		{5F68946F-0E3A-43AE-A15D-E3560961DD25}.Debug|Any CPU.ActiveCfg = Debug|Any CPU
		{5F68946F-0E3A-43AE-A15D-E3560961DD25}.Debug|Any CPU.Build.0 = Debug|Any CPU
		{5F68946F-0E3A-43AE-A15D-E3560961DD25}.Release|Any CPU.ActiveCfg = Release|Any CPU
		{5F68946F-0E3A-43AE-A15D-E3560961DD25}.Release|Any CPU.Build.0 = Release|Any CPU
	EndGlobalSection
EndGlobal
